
Microsoft Visual Studio Solution File, Format Version 12.00
# Visual Studio 15
VisualStudioVersion = 15.0.26430.12
MinimumVisualStudioVersion = 10.0.40219.1
Project("{FAE04EC0-301F-11D3-BF4B-00C04F79EFBC}") = "Problem001", "Problem001\Problem001.csproj", "{1AA03EB6-2AAF-4C65-846D-A05791C9F070}"
EndProject
Project("{FAE04EC0-301F-11D3-BF4B-00C04F79EFBC}") = "Problem002", "Problem002\Problem002.csproj", "{83146547-BDB1-4958-A0BE-D1AD89425E9D}"
EndProject
Project("{FAE04EC0-301F-11D3-BF4B-00C04F79EFBC}") = "Problem003", "Problem003\Problem003.csproj", "{DB6513BD-2CD1-4D0E-A620-9A5D666F0D8B}"
EndProject
Project("{FAE04EC0-301F-11D3-BF4B-00C04F79EFBC}") = "Problem004", "Problem004\Problem004.csproj", "{ED7D1032-8DA2-4096-B011-076C1858414A}"
EndProject
Project("{FAE04EC0-301F-11D3-BF4B-00C04F79EFBC}") = "Problem005", "Problem005\Problem005.csproj", "{10DC3B3F-E02F-41D6-9E84-9326D1C13DAE}"
EndProject
Project("{FAE04EC0-301F-11D3-BF4B-00C04F79EFBC}") = "Problem006", "Problem006\Problem006.csproj", "{7EB7D7A6-EC70-4B86-B761-5462AD7E2995}"
EndProject
Project("{FAE04EC0-301F-11D3-BF4B-00C04F79EFBC}") = "Problem007", "Problem007\Problem007.csproj", "{6E669B6B-083D-418C-86FD-8511ABE8B44B}"
EndProject
Project("{FAE04EC0-301F-11D3-BF4B-00C04F79EFBC}") = "Problem008", "Problem008\Problem008.csproj", "{5C34C4AB-7093-4373-89C5-0170D60839D6}"
EndProject
Project("{FAE04EC0-301F-11D3-BF4B-00C04F79EFBC}") = "Problem009", "Problem009\Problem009.csproj", "{413B9EBA-0F14-41BC-B50A-1AB946A1222F}"
EndProject
Project("{FAE04EC0-301F-11D3-BF4B-00C04F79EFBC}") = "Problem010", "Problem010\Problem010.csproj", "{7AA35B6D-B7ED-4569-A66C-9BBC50D6EE3D}"
EndProject
Project("{FAE04EC0-301F-11D3-BF4B-00C04F79EFBC}") = "Problem011", "Problem011\Problem011.csproj", "{D063E56B-6808-4478-A450-5853E559B597}"
EndProject
Project("{FAE04EC0-301F-11D3-BF4B-00C04F79EFBC}") = "Problem012", "Problem012\Problem012.csproj", "{C4395A97-D5CB-4EDB-9924-D5221DB8C63F}"
EndProject
Project("{FAE04EC0-301F-11D3-BF4B-00C04F79EFBC}") = "Problem013", "Problem013\Problem013.csproj", "{62EE3871-3E15-450B-941A-58C71FDBCD7A}"
EndProject
Project("{FAE04EC0-301F-11D3-BF4B-00C04F79EFBC}") = "Problem014", "Problem014\Problem014.csproj", "{6918CC97-671F-4740-8D99-D26B7B526F71}"
EndProject
Project("{FAE04EC0-301F-11D3-BF4B-00C04F79EFBC}") = "Problem015", "Problem015\Problem015.csproj", "{599F9D01-56BA-4A0B-B42F-3F689185D24C}"
EndProject
Project("{FAE04EC0-301F-11D3-BF4B-00C04F79EFBC}") = "Problem016", "Problem016\Problem016.csproj", "{11A23366-D48A-40C2-84F5-5815149D01C7}"
EndProject
Project("{FAE04EC0-301F-11D3-BF4B-00C04F79EFBC}") = "Problem017", "Problem017\Problem017.csproj", "{0D865175-FD5D-49F7-A2C1-E62B3B2965D5}"
EndProject
Project("{FAE04EC0-301F-11D3-BF4B-00C04F79EFBC}") = "Problem018", "Problem018\Problem018.csproj", "{C47988E5-60F6-4C1A-8F49-B28768CE200A}"
EndProject
Global
	GlobalSection(SolutionConfigurationPlatforms) = preSolution
		Debug|Any CPU = Debug|Any CPU
		Release|Any CPU = Release|Any CPU
	EndGlobalSection
	GlobalSection(ProjectConfigurationPlatforms) = postSolution
		{1AA03EB6-2AAF-4C65-846D-A05791C9F070}.Debug|Any CPU.ActiveCfg = Debug|Any CPU
		{1AA03EB6-2AAF-4C65-846D-A05791C9F070}.Debug|Any CPU.Build.0 = Debug|Any CPU
		{1AA03EB6-2AAF-4C65-846D-A05791C9F070}.Release|Any CPU.ActiveCfg = Release|Any CPU
		{1AA03EB6-2AAF-4C65-846D-A05791C9F070}.Release|Any CPU.Build.0 = Release|Any CPU
		{83146547-BDB1-4958-A0BE-D1AD89425E9D}.Debug|Any CPU.ActiveCfg = Debug|Any CPU
		{83146547-BDB1-4958-A0BE-D1AD89425E9D}.Debug|Any CPU.Build.0 = Debug|Any CPU
		{83146547-BDB1-4958-A0BE-D1AD89425E9D}.Release|Any CPU.ActiveCfg = Release|Any CPU
		{83146547-BDB1-4958-A0BE-D1AD89425E9D}.Release|Any CPU.Build.0 = Release|Any CPU
		{DB6513BD-2CD1-4D0E-A620-9A5D666F0D8B}.Debug|Any CPU.ActiveCfg = Debug|Any CPU
		{DB6513BD-2CD1-4D0E-A620-9A5D666F0D8B}.Debug|Any CPU.Build.0 = Debug|Any CPU
		{DB6513BD-2CD1-4D0E-A620-9A5D666F0D8B}.Release|Any CPU.ActiveCfg = Release|Any CPU
		{DB6513BD-2CD1-4D0E-A620-9A5D666F0D8B}.Release|Any CPU.Build.0 = Release|Any CPU
		{ED7D1032-8DA2-4096-B011-076C1858414A}.Debug|Any CPU.ActiveCfg = Debug|Any CPU
		{ED7D1032-8DA2-4096-B011-076C1858414A}.Debug|Any CPU.Build.0 = Debug|Any CPU
		{ED7D1032-8DA2-4096-B011-076C1858414A}.Release|Any CPU.ActiveCfg = Release|Any CPU
		{ED7D1032-8DA2-4096-B011-076C1858414A}.Release|Any CPU.Build.0 = Release|Any CPU
		{10DC3B3F-E02F-41D6-9E84-9326D1C13DAE}.Debug|Any CPU.ActiveCfg = Debug|Any CPU
		{10DC3B3F-E02F-41D6-9E84-9326D1C13DAE}.Debug|Any CPU.Build.0 = Debug|Any CPU
		{10DC3B3F-E02F-41D6-9E84-9326D1C13DAE}.Release|Any CPU.ActiveCfg = Release|Any CPU
		{10DC3B3F-E02F-41D6-9E84-9326D1C13DAE}.Release|Any CPU.Build.0 = Release|Any CPU
		{7EB7D7A6-EC70-4B86-B761-5462AD7E2995}.Debug|Any CPU.ActiveCfg = Debug|Any CPU
		{7EB7D7A6-EC70-4B86-B761-5462AD7E2995}.Debug|Any CPU.Build.0 = Debug|Any CPU
		{7EB7D7A6-EC70-4B86-B761-5462AD7E2995}.Release|Any CPU.ActiveCfg = Release|Any CPU
		{7EB7D7A6-EC70-4B86-B761-5462AD7E2995}.Release|Any CPU.Build.0 = Release|Any CPU
		{6E669B6B-083D-418C-86FD-8511ABE8B44B}.Debug|Any CPU.ActiveCfg = Debug|Any CPU
		{6E669B6B-083D-418C-86FD-8511ABE8B44B}.Debug|Any CPU.Build.0 = Debug|Any CPU
		{6E669B6B-083D-418C-86FD-8511ABE8B44B}.Release|Any CPU.ActiveCfg = Release|Any CPU
		{6E669B6B-083D-418C-86FD-8511ABE8B44B}.Release|Any CPU.Build.0 = Release|Any CPU
		{5C34C4AB-7093-4373-89C5-0170D60839D6}.Debug|Any CPU.ActiveCfg = Debug|Any CPU
		{5C34C4AB-7093-4373-89C5-0170D60839D6}.Debug|Any CPU.Build.0 = Debug|Any CPU
		{5C34C4AB-7093-4373-89C5-0170D60839D6}.Release|Any CPU.ActiveCfg = Release|Any CPU
		{5C34C4AB-7093-4373-89C5-0170D60839D6}.Release|Any CPU.Build.0 = Release|Any CPU
		{413B9EBA-0F14-41BC-B50A-1AB946A1222F}.Debug|Any CPU.ActiveCfg = Debug|Any CPU
		{413B9EBA-0F14-41BC-B50A-1AB946A1222F}.Debug|Any CPU.Build.0 = Debug|Any CPU
		{413B9EBA-0F14-41BC-B50A-1AB946A1222F}.Release|Any CPU.ActiveCfg = Release|Any CPU
		{413B9EBA-0F14-41BC-B50A-1AB946A1222F}.Release|Any CPU.Build.0 = Release|Any CPU
		{7AA35B6D-B7ED-4569-A66C-9BBC50D6EE3D}.Debug|Any CPU.ActiveCfg = Debug|Any CPU
		{7AA35B6D-B7ED-4569-A66C-9BBC50D6EE3D}.Debug|Any CPU.Build.0 = Debug|Any CPU
		{7AA35B6D-B7ED-4569-A66C-9BBC50D6EE3D}.Release|Any CPU.ActiveCfg = Release|Any CPU
		{7AA35B6D-B7ED-4569-A66C-9BBC50D6EE3D}.Release|Any CPU.Build.0 = Release|Any CPU
		{D063E56B-6808-4478-A450-5853E559B597}.Debug|Any CPU.ActiveCfg = Debug|Any CPU
		{D063E56B-6808-4478-A450-5853E559B597}.Debug|Any CPU.Build.0 = Debug|Any CPU
		{D063E56B-6808-4478-A450-5853E559B597}.Release|Any CPU.ActiveCfg = Release|Any CPU
		{D063E56B-6808-4478-A450-5853E559B597}.Release|Any CPU.Build.0 = Release|Any CPU
		{C4395A97-D5CB-4EDB-9924-D5221DB8C63F}.Debug|Any CPU.ActiveCfg = Debug|Any CPU
		{C4395A97-D5CB-4EDB-9924-D5221DB8C63F}.Debug|Any CPU.Build.0 = Debug|Any CPU
		{C4395A97-D5CB-4EDB-9924-D5221DB8C63F}.Release|Any CPU.ActiveCfg = Release|Any CPU
		{C4395A97-D5CB-4EDB-9924-D5221DB8C63F}.Release|Any CPU.Build.0 = Release|Any CPU
		{62EE3871-3E15-450B-941A-58C71FDBCD7A}.Debug|Any CPU.ActiveCfg = Debug|Any CPU
		{62EE3871-3E15-450B-941A-58C71FDBCD7A}.Debug|Any CPU.Build.0 = Debug|Any CPU
		{62EE3871-3E15-450B-941A-58C71FDBCD7A}.Release|Any CPU.ActiveCfg = Release|Any CPU
		{62EE3871-3E15-450B-941A-58C71FDBCD7A}.Release|Any CPU.Build.0 = Release|Any CPU
		{6918CC97-671F-4740-8D99-D26B7B526F71}.Debug|Any CPU.ActiveCfg = Debug|Any CPU
		{6918CC97-671F-4740-8D99-D26B7B526F71}.Debug|Any CPU.Build.0 = Debug|Any CPU
		{6918CC97-671F-4740-8D99-D26B7B526F71}.Release|Any CPU.ActiveCfg = Release|Any CPU
		{6918CC97-671F-4740-8D99-D26B7B526F71}.Release|Any CPU.Build.0 = Release|Any CPU
		{599F9D01-56BA-4A0B-B42F-3F689185D24C}.Debug|Any CPU.ActiveCfg = Debug|Any CPU
		{599F9D01-56BA-4A0B-B42F-3F689185D24C}.Debug|Any CPU.Build.0 = Debug|Any CPU
		{599F9D01-56BA-4A0B-B42F-3F689185D24C}.Release|Any CPU.ActiveCfg = Release|Any CPU
		{599F9D01-56BA-4A0B-B42F-3F689185D24C}.Release|Any CPU.Build.0 = Release|Any CPU
		{11A23366-D48A-40C2-84F5-5815149D01C7}.Debug|Any CPU.ActiveCfg = Debug|Any CPU
		{11A23366-D48A-40C2-84F5-5815149D01C7}.Debug|Any CPU.Build.0 = Debug|Any CPU
		{11A23366-D48A-40C2-84F5-5815149D01C7}.Release|Any CPU.ActiveCfg = Release|Any CPU
		{11A23366-D48A-40C2-84F5-5815149D01C7}.Release|Any CPU.Build.0 = Release|Any CPU
		{0D865175-FD5D-49F7-A2C1-E62B3B2965D5}.Debug|Any CPU.ActiveCfg = Debug|Any CPU
		{0D865175-FD5D-49F7-A2C1-E62B3B2965D5}.Debug|Any CPU.Build.0 = Debug|Any CPU
		{0D865175-FD5D-49F7-A2C1-E62B3B2965D5}.Release|Any CPU.ActiveCfg = Release|Any CPU
		{0D865175-FD5D-49F7-A2C1-E62B3B2965D5}.Release|Any CPU.Build.0 = Release|Any CPU
		{C47988E5-60F6-4C1A-8F49-B28768CE200A}.Debug|Any CPU.ActiveCfg = Debug|Any CPU
		{C47988E5-60F6-4C1A-8F49-B28768CE200A}.Debug|Any CPU.Build.0 = Debug|Any CPU
		{C47988E5-60F6-4C1A-8F49-B28768CE200A}.Release|Any CPU.ActiveCfg = Release|Any CPU
		{C47988E5-60F6-4C1A-8F49-B28768CE200A}.Release|Any CPU.Build.0 = Release|Any CPU
	EndGlobalSection
	GlobalSection(SolutionProperties) = preSolution
		HideSolutionNode = FALSE
	EndGlobalSection
EndGlobal
